// !$*UTF8*$!
{
	archiveVersion = 1;
	classes = {
	};
	objectVersion = 56;
	objects = {

/* Begin PBXBuildFile section */
		B532279B6B7F665031EC25B1 /* Pods_GHAT2.framework in Frameworks */ = {isa = PBXBuildFile; fileRef = 159E17571F3BA99ADFA4D556 /* Pods_GHAT2.framework */; };
		F130E2532A059A5200FEA331 /* GHAT2App.swift in Sources */ = {isa = PBXBuildFile; fileRef = F130E2522A059A5200FEA331 /* GHAT2App.swift */; };
		F130E2552A059A5200FEA331 /* ContentView.swift in Sources */ = {isa = PBXBuildFile; fileRef = F130E2542A059A5200FEA331 /* ContentView.swift */; };
		F130E2572A059A5200FEA331 /* Assets.xcassets in Resources */ = {isa = PBXBuildFile; fileRef = F130E2562A059A5200FEA331 /* Assets.xcassets */; };
		F130E25A2A059A5200FEA331 /* Preview Assets.xcassets in Resources */ = {isa = PBXBuildFile; fileRef = F130E2592A059A5200FEA331 /* Preview Assets.xcassets */; };
		F16549E92A09E8F100CCA98B /* UnitTestingViewModel.swift in Sources */ = {isa = PBXBuildFile; fileRef = F16549E82A09E8F100CCA98B /* UnitTestingViewModel.swift */; };
		F16549EB2A09E93200CCA98B /* UnitTestingView.swift in Sources */ = {isa = PBXBuildFile; fileRef = F16549EA2A09E93200CCA98B /* UnitTestingView.swift */; };
		F16549F32A09EA4500CCA98B /* GHAT2_Tests.swift in Sources */ = {isa = PBXBuildFile; fileRef = F16549F22A09EA4500CCA98B /* GHAT2_Tests.swift */; };
		F16549FA2A09EB3100CCA98B /* UnitTestingViewModel_Tests.swift in Sources */ = {isa = PBXBuildFile; fileRef = F16549F92A09EB3100CCA98B /* UnitTestingViewModel_Tests.swift */; };
		F17E38D82A0C1D0600F0C33B /* LoremSwiftum in Frameworks */ = {isa = PBXBuildFile; productRef = F17E38D72A0C1D0600F0C33B /* LoremSwiftum */; };
/* End PBXBuildFile section */

/* Begin PBXContainerItemProxy section */
		F16549F42A09EA4500CCA98B /* PBXContainerItemProxy */ = {
			isa = PBXContainerItemProxy;
			containerPortal = F130E2472A059A5100FEA331 /* Project object */;
			proxyType = 1;
			remoteGlobalIDString = F130E24E2A059A5200FEA331;
			remoteInfo = GHAT2;
		};
/* End PBXContainerItemProxy section */

/* Begin PBXFileReference section */
		159E17571F3BA99ADFA4D556 /* Pods_GHAT2.framework */ = {isa = PBXFileReference; explicitFileType = wrapper.framework; includeInIndex = 0; path = Pods_GHAT2.framework; sourceTree = BUILT_PRODUCTS_DIR; };
		90BCCC658BFC5975579AC3E3 /* Pods-GHAT2.debug.xcconfig */ = {isa = PBXFileReference; includeInIndex = 1; lastKnownFileType = text.xcconfig; name = "Pods-GHAT2.debug.xcconfig"; path = "Target Support Files/Pods-GHAT2/Pods-GHAT2.debug.xcconfig"; sourceTree = "<group>"; };
		D53AE6F0F1EDB7525AD2AC49 /* Pods-GHAT2.release.xcconfig */ = {isa = PBXFileReference; includeInIndex = 1; lastKnownFileType = text.xcconfig; name = "Pods-GHAT2.release.xcconfig"; path = "Target Support Files/Pods-GHAT2/Pods-GHAT2.release.xcconfig"; sourceTree = "<group>"; };
		F130E24F2A059A5200FEA331 /* GHAT2.app */ = {isa = PBXFileReference; explicitFileType = wrapper.application; includeInIndex = 0; path = GHAT2.app; sourceTree = BUILT_PRODUCTS_DIR; };
		F130E2522A059A5200FEA331 /* GHAT2App.swift */ = {isa = PBXFileReference; lastKnownFileType = sourcecode.swift; path = GHAT2App.swift; sourceTree = "<group>"; };
		F130E2542A059A5200FEA331 /* ContentView.swift */ = {isa = PBXFileReference; lastKnownFileType = sourcecode.swift; path = ContentView.swift; sourceTree = "<group>"; };
		F130E2562A059A5200FEA331 /* Assets.xcassets */ = {isa = PBXFileReference; lastKnownFileType = folder.assetcatalog; path = Assets.xcassets; sourceTree = "<group>"; };
		F130E2592A059A5200FEA331 /* Preview Assets.xcassets */ = {isa = PBXFileReference; lastKnownFileType = folder.assetcatalog; path = "Preview Assets.xcassets"; sourceTree = "<group>"; };
		F16549E82A09E8F100CCA98B /* UnitTestingViewModel.swift */ = {isa = PBXFileReference; lastKnownFileType = sourcecode.swift; path = UnitTestingViewModel.swift; sourceTree = "<group>"; };
		F16549EA2A09E93200CCA98B /* UnitTestingView.swift */ = {isa = PBXFileReference; lastKnownFileType = sourcecode.swift; path = UnitTestingView.swift; sourceTree = "<group>"; };
		F16549F02A09EA4500CCA98B /* GHAT2_Tests.xctest */ = {isa = PBXFileReference; explicitFileType = wrapper.cfbundle; includeInIndex = 0; path = GHAT2_Tests.xctest; sourceTree = BUILT_PRODUCTS_DIR; };
		F16549F22A09EA4500CCA98B /* GHAT2_Tests.swift */ = {isa = PBXFileReference; lastKnownFileType = sourcecode.swift; path = GHAT2_Tests.swift; sourceTree = "<group>"; };
		F16549F92A09EB3100CCA98B /* UnitTestingViewModel_Tests.swift */ = {isa = PBXFileReference; lastKnownFileType = sourcecode.swift; path = UnitTestingViewModel_Tests.swift; sourceTree = "<group>"; };
/* End PBXFileReference section */

/* Begin PBXFrameworksBuildPhase section */
		F130E24C2A059A5200FEA331 /* Frameworks */ = {
			isa = PBXFrameworksBuildPhase;
			buildActionMask = 2147483647;
			files = (
				F17E38D82A0C1D0600F0C33B /* LoremSwiftum in Frameworks */,
				B532279B6B7F665031EC25B1 /* Pods_GHAT2.framework in Frameworks */,
			);
			runOnlyForDeploymentPostprocessing = 0;
		};
		F16549ED2A09EA4500CCA98B /* Frameworks */ = {
			isa = PBXFrameworksBuildPhase;
			buildActionMask = 2147483647;
			files = (
			);
			runOnlyForDeploymentPostprocessing = 0;
		};
/* End PBXFrameworksBuildPhase section */

/* Begin PBXGroup section */
		192BCF4FB1C106248C678C10 /* Frameworks */ = {
			isa = PBXGroup;
			children = (
				159E17571F3BA99ADFA4D556 /* Pods_GHAT2.framework */,
			);
			name = Frameworks;
			sourceTree = "<group>";
		};
		E9C9E46014E6607B480ADC3F /* Pods */ = {
			isa = PBXGroup;
			children = (
				90BCCC658BFC5975579AC3E3 /* Pods-GHAT2.debug.xcconfig */,
				D53AE6F0F1EDB7525AD2AC49 /* Pods-GHAT2.release.xcconfig */,
			);
			name = Pods;
			path = Pods;
			sourceTree = "<group>";
		};
		F130E2462A059A5100FEA331 = {
			isa = PBXGroup;
			children = (
				F130E2512A059A5200FEA331 /* GHAT2 */,
				F16549F12A09EA4500CCA98B /* GHAT2_Tests */,
				F130E2502A059A5200FEA331 /* Products */,
				E9C9E46014E6607B480ADC3F /* Pods */,
				192BCF4FB1C106248C678C10 /* Frameworks */,
			);
			sourceTree = "<group>";
		};
		F130E2502A059A5200FEA331 /* Products */ = {
			isa = PBXGroup;
			children = (
				F130E24F2A059A5200FEA331 /* GHAT2.app */,
				F16549F02A09EA4500CCA98B /* GHAT2_Tests.xctest */,
			);
			name = Products;
			sourceTree = "<group>";
		};
		F130E2512A059A5200FEA331 /* GHAT2 */ = {
			isa = PBXGroup;
			children = (
				F130E2522A059A5200FEA331 /* GHAT2App.swift */,
				F130E2542A059A5200FEA331 /* ContentView.swift */,
				F16549EA2A09E93200CCA98B /* UnitTestingView.swift */,
				F16549E82A09E8F100CCA98B /* UnitTestingViewModel.swift */,
				F130E2562A059A5200FEA331 /* Assets.xcassets */,
				F130E2582A059A5200FEA331 /* Preview Content */,
			);
			path = GHAT2;
			sourceTree = "<group>";
		};
		F130E2582A059A5200FEA331 /* Preview Content */ = {
			isa = PBXGroup;
			children = (
				F130E2592A059A5200FEA331 /* Preview Assets.xcassets */,
			);
			path = "Preview Content";
			sourceTree = "<group>";
		};
		F16549F12A09EA4500CCA98B /* GHAT2_Tests */ = {
			isa = PBXGroup;
			children = (
				F16549F22A09EA4500CCA98B /* GHAT2_Tests.swift */,
				F16549F92A09EB3100CCA98B /* UnitTestingViewModel_Tests.swift */,
			);
			path = GHAT2_Tests;
			sourceTree = "<group>";
		};
/* End PBXGroup section */

/* Begin PBXNativeTarget section */
		F130E24E2A059A5200FEA331 /* GHAT2 */ = {
			isa = PBXNativeTarget;
			buildConfigurationList = F130E25D2A059A5200FEA331 /* Build configuration list for PBXNativeTarget "GHAT2" */;
			buildPhases = (
				AE3D7A22FB18A02091A7D3AF /* [CP] Check Pods Manifest.lock */,
				F130E24B2A059A5200FEA331 /* Sources */,
				F130E24C2A059A5200FEA331 /* Frameworks */,
				F130E24D2A059A5200FEA331 /* Resources */,
				3C8DBFBC8289029178BA83AC /* [CP] Embed Pods Frameworks */,
			);
			buildRules = (
			);
			dependencies = (
			);
			name = GHAT2;
			packageProductDependencies = (
				F17E38D72A0C1D0600F0C33B /* LoremSwiftum */,
			);
			productName = GHAT2;
			productReference = F130E24F2A059A5200FEA331 /* GHAT2.app */;
			productType = "com.apple.product-type.application";
		};
		F16549EF2A09EA4500CCA98B /* GHAT2_Tests */ = {
			isa = PBXNativeTarget;
			buildConfigurationList = F16549F62A09EA4500CCA98B /* Build configuration list for PBXNativeTarget "GHAT2_Tests" */;
			buildPhases = (
				F16549EC2A09EA4500CCA98B /* Sources */,
				F16549ED2A09EA4500CCA98B /* Frameworks */,
				F16549EE2A09EA4500CCA98B /* Resources */,
			);
			buildRules = (
			);
			dependencies = (
				F16549F52A09EA4500CCA98B /* PBXTargetDependency */,
			);
			name = GHAT2_Tests;
			productName = GHAT2_Tests;
			productReference = F16549F02A09EA4500CCA98B /* GHAT2_Tests.xctest */;
			productType = "com.apple.product-type.bundle.unit-test";
		};
/* End PBXNativeTarget section */

/* Begin PBXProject section */
		F130E2472A059A5100FEA331 /* Project object */ = {
			isa = PBXProject;
			attributes = {
				BuildIndependentTargetsInParallel = 1;
				LastSwiftUpdateCheck = 1430;
				LastUpgradeCheck = 1430;
				TargetAttributes = {
					F130E24E2A059A5200FEA331 = {
						CreatedOnToolsVersion = 14.3;
					};
					F16549EF2A09EA4500CCA98B = {
						CreatedOnToolsVersion = 14.3;
						TestTargetID = F130E24E2A059A5200FEA331;
					};
				};
			};
			buildConfigurationList = F130E24A2A059A5100FEA331 /* Build configuration list for PBXProject "GHAT2" */;
			compatibilityVersion = "Xcode 14.0";
			developmentRegion = en;
			hasScannedForEncodings = 0;
			knownRegions = (
				en,
				Base,
			);
			mainGroup = F130E2462A059A5100FEA331;
			packageReferences = (
				F17E38D62A0C1D0600F0C33B /* XCRemoteSwiftPackageReference "LoremSwiftum.git" */,
			);
			productRefGroup = F130E2502A059A5200FEA331 /* Products */;
			projectDirPath = "";
			projectRoot = "";
			targets = (
				F130E24E2A059A5200FEA331 /* GHAT2 */,
				F16549EF2A09EA4500CCA98B /* GHAT2_Tests */,
			);
		};
/* End PBXProject section */

/* Begin PBXResourcesBuildPhase section */
		F130E24D2A059A5200FEA331 /* Resources */ = {
			isa = PBXResourcesBuildPhase;
			buildActionMask = 2147483647;
			files = (
				F130E25A2A059A5200FEA331 /* Preview Assets.xcassets in Resources */,
				F130E2572A059A5200FEA331 /* Assets.xcassets in Resources */,
			);
			runOnlyForDeploymentPostprocessing = 0;
		};
		F16549EE2A09EA4500CCA98B /* Resources */ = {
			isa = PBXResourcesBuildPhase;
			buildActionMask = 2147483647;
			files = (
			);
			runOnlyForDeploymentPostprocessing = 0;
		};
/* End PBXResourcesBuildPhase section */

/* Begin PBXShellScriptBuildPhase section */
		3C8DBFBC8289029178BA83AC /* [CP] Embed Pods Frameworks */ = {
			isa = PBXShellScriptBuildPhase;
			buildActionMask = 2147483647;
			files = (
			);
			inputFileListPaths = (
				"${PODS_ROOT}/Target Support Files/Pods-GHAT2/Pods-GHAT2-frameworks-${CONFIGURATION}-input-files.xcfilelist",
			);
			name = "[CP] Embed Pods Frameworks";
			outputFileListPaths = (
				"${PODS_ROOT}/Target Support Files/Pods-GHAT2/Pods-GHAT2-frameworks-${CONFIGURATION}-output-files.xcfilelist",
			);
			runOnlyForDeploymentPostprocessing = 0;
			shellPath = /bin/sh;
			shellScript = "\"${PODS_ROOT}/Target Support Files/Pods-GHAT2/Pods-GHAT2-frameworks.sh\"\n";
			showEnvVarsInLog = 0;
		};
		AE3D7A22FB18A02091A7D3AF /* [CP] Check Pods Manifest.lock */ = {
			isa = PBXShellScriptBuildPhase;
			buildActionMask = 2147483647;
			files = (
			);
			inputFileListPaths = (
			);
			inputPaths = (
				"${PODS_PODFILE_DIR_PATH}/Podfile.lock",
				"${PODS_ROOT}/Manifest.lock",
			);
			name = "[CP] Check Pods Manifest.lock";
			outputFileListPaths = (
			);
			outputPaths = (
				"$(DERIVED_FILE_DIR)/Pods-GHAT2-checkManifestLockResult.txt",
			);
			runOnlyForDeploymentPostprocessing = 0;
			shellPath = /bin/sh;
			shellScript = "diff \"${PODS_PODFILE_DIR_PATH}/Podfile.lock\" \"${PODS_ROOT}/Manifest.lock\" > /dev/null\nif [ $? != 0 ] ; then\n    # print error to STDERR\n    echo \"error: The sandbox is not in sync with the Podfile.lock. Run 'pod install' or update your CocoaPods installation.\" >&2\n    exit 1\nfi\n# This output is used by Xcode 'outputs' to avoid re-running this script phase.\necho \"SUCCESS\" > \"${SCRIPT_OUTPUT_FILE_0}\"\n";
			showEnvVarsInLog = 0;
		};
/* End PBXShellScriptBuildPhase section */

/* Begin PBXSourcesBuildPhase section */
		F130E24B2A059A5200FEA331 /* Sources */ = {
			isa = PBXSourcesBuildPhase;
			buildActionMask = 2147483647;
			files = (
				F16549E92A09E8F100CCA98B /* UnitTestingViewModel.swift in Sources */,
				F16549EB2A09E93200CCA98B /* UnitTestingView.swift in Sources */,
				F130E2552A059A5200FEA331 /* ContentView.swift in Sources */,
				F130E2532A059A5200FEA331 /* GHAT2App.swift in Sources */,
			);
			runOnlyForDeploymentPostprocessing = 0;
		};
		F16549EC2A09EA4500CCA98B /* Sources */ = {
			isa = PBXSourcesBuildPhase;
			buildActionMask = 2147483647;
			files = (
				F16549F32A09EA4500CCA98B /* GHAT2_Tests.swift in Sources */,
				F16549FA2A09EB3100CCA98B /* UnitTestingViewModel_Tests.swift in Sources */,
			);
			runOnlyForDeploymentPostprocessing = 0;
		};
/* End PBXSourcesBuildPhase section */

/* Begin PBXTargetDependency section */
		F16549F52A09EA4500CCA98B /* PBXTargetDependency */ = {
			isa = PBXTargetDependency;
			target = F130E24E2A059A5200FEA331 /* GHAT2 */;
			targetProxy = F16549F42A09EA4500CCA98B /* PBXContainerItemProxy */;
		};
/* End PBXTargetDependency section */

/* Begin XCBuildConfiguration section */
		F130E25B2A059A5200FEA331 /* Debug */ = {
			isa = XCBuildConfiguration;
			buildSettings = {
				ALWAYS_SEARCH_USER_PATHS = NO;
				CLANG_ANALYZER_NONNULL = YES;
				CLANG_ANALYZER_NUMBER_OBJECT_CONVERSION = YES_AGGRESSIVE;
				CLANG_CXX_LANGUAGE_STANDARD = "gnu++20";
				CLANG_ENABLE_MODULES = YES;
				CLANG_ENABLE_OBJC_ARC = YES;
				CLANG_ENABLE_OBJC_WEAK = YES;
				CLANG_WARN_BLOCK_CAPTURE_AUTORELEASING = YES;
				CLANG_WARN_BOOL_CONVERSION = YES;
				CLANG_WARN_COMMA = YES;
				CLANG_WARN_CONSTANT_CONVERSION = YES;
				CLANG_WARN_DEPRECATED_OBJC_IMPLEMENTATIONS = YES;
				CLANG_WARN_DIRECT_OBJC_ISA_USAGE = YES_ERROR;
				CLANG_WARN_DOCUMENTATION_COMMENTS = YES;
				CLANG_WARN_EMPTY_BODY = YES;
				CLANG_WARN_ENUM_CONVERSION = YES;
				CLANG_WARN_INFINITE_RECURSION = YES;
				CLANG_WARN_INT_CONVERSION = YES;
				CLANG_WARN_NON_LITERAL_NULL_CONVERSION = YES;
				CLANG_WARN_OBJC_IMPLICIT_RETAIN_SELF = YES;
				CLANG_WARN_OBJC_LITERAL_CONVERSION = YES;
				CLANG_WARN_OBJC_ROOT_CLASS = YES_ERROR;
				CLANG_WARN_QUOTED_INCLUDE_IN_FRAMEWORK_HEADER = YES;
				CLANG_WARN_RANGE_LOOP_ANALYSIS = YES;
				CLANG_WARN_STRICT_PROTOTYPES = YES;
				CLANG_WARN_SUSPICIOUS_MOVE = YES;
				CLANG_WARN_UNGUARDED_AVAILABILITY = YES_AGGRESSIVE;
				CLANG_WARN_UNREACHABLE_CODE = YES;
				CLANG_WARN__DUPLICATE_METHOD_MATCH = YES;
				COPY_PHASE_STRIP = NO;
				DEBUG_INFORMATION_FORMAT = dwarf;
				ENABLE_STRICT_OBJC_MSGSEND = YES;
				ENABLE_TESTABILITY = YES;
				GCC_C_LANGUAGE_STANDARD = gnu11;
				GCC_DYNAMIC_NO_PIC = NO;
				GCC_NO_COMMON_BLOCKS = YES;
				GCC_OPTIMIZATION_LEVEL = 0;
				GCC_PREPROCESSOR_DEFINITIONS = (
					"DEBUG=1",
					"$(inherited)",
				);
				GCC_WARN_64_TO_32_BIT_CONVERSION = YES;
				GCC_WARN_ABOUT_RETURN_TYPE = YES_ERROR;
				GCC_WARN_UNDECLARED_SELECTOR = YES;
				GCC_WARN_UNINITIALIZED_AUTOS = YES_AGGRESSIVE;
				GCC_WARN_UNUSED_FUNCTION = YES;
				GCC_WARN_UNUSED_VARIABLE = YES;
				IPHONEOS_DEPLOYMENT_TARGET = 16.4;
				MTL_ENABLE_DEBUG_INFO = INCLUDE_SOURCE;
				MTL_FAST_MATH = YES;
				ONLY_ACTIVE_ARCH = YES;
				SDKROOT = iphoneos;
				SWIFT_ACTIVE_COMPILATION_CONDITIONS = DEBUG;
				SWIFT_OPTIMIZATION_LEVEL = "-Onone";
			};
			name = Debug;
		};
		F130E25C2A059A5200FEA331 /* Release */ = {
			isa = XCBuildConfiguration;
			buildSettings = {
				ALWAYS_SEARCH_USER_PATHS = NO;
				CLANG_ANALYZER_NONNULL = YES;
				CLANG_ANALYZER_NUMBER_OBJECT_CONVERSION = YES_AGGRESSIVE;
				CLANG_CXX_LANGUAGE_STANDARD = "gnu++20";
				CLANG_ENABLE_MODULES = YES;
				CLANG_ENABLE_OBJC_ARC = YES;
				CLANG_ENABLE_OBJC_WEAK = YES;
				CLANG_WARN_BLOCK_CAPTURE_AUTORELEASING = YES;
				CLANG_WARN_BOOL_CONVERSION = YES;
				CLANG_WARN_COMMA = YES;
				CLANG_WARN_CONSTANT_CONVERSION = YES;
				CLANG_WARN_DEPRECATED_OBJC_IMPLEMENTATIONS = YES;
				CLANG_WARN_DIRECT_OBJC_ISA_USAGE = YES_ERROR;
				CLANG_WARN_DOCUMENTATION_COMMENTS = YES;
				CLANG_WARN_EMPTY_BODY = YES;
				CLANG_WARN_ENUM_CONVERSION = YES;
				CLANG_WARN_INFINITE_RECURSION = YES;
				CLANG_WARN_INT_CONVERSION = YES;
				CLANG_WARN_NON_LITERAL_NULL_CONVERSION = YES;
				CLANG_WARN_OBJC_IMPLICIT_RETAIN_SELF = YES;
				CLANG_WARN_OBJC_LITERAL_CONVERSION = YES;
				CLANG_WARN_OBJC_ROOT_CLASS = YES_ERROR;
				CLANG_WARN_QUOTED_INCLUDE_IN_FRAMEWORK_HEADER = YES;
				CLANG_WARN_RANGE_LOOP_ANALYSIS = YES;
				CLANG_WARN_STRICT_PROTOTYPES = YES;
				CLANG_WARN_SUSPICIOUS_MOVE = YES;
				CLANG_WARN_UNGUARDED_AVAILABILITY = YES_AGGRESSIVE;
				CLANG_WARN_UNREACHABLE_CODE = YES;
				CLANG_WARN__DUPLICATE_METHOD_MATCH = YES;
				COPY_PHASE_STRIP = NO;
				DEBUG_INFORMATION_FORMAT = "dwarf-with-dsym";
				ENABLE_NS_ASSERTIONS = NO;
				ENABLE_STRICT_OBJC_MSGSEND = YES;
				GCC_C_LANGUAGE_STANDARD = gnu11;
				GCC_NO_COMMON_BLOCKS = YES;
				GCC_WARN_64_TO_32_BIT_CONVERSION = YES;
				GCC_WARN_ABOUT_RETURN_TYPE = YES_ERROR;
				GCC_WARN_UNDECLARED_SELECTOR = YES;
				GCC_WARN_UNINITIALIZED_AUTOS = YES_AGGRESSIVE;
				GCC_WARN_UNUSED_FUNCTION = YES;
				GCC_WARN_UNUSED_VARIABLE = YES;
				IPHONEOS_DEPLOYMENT_TARGET = 16.4;
				MTL_ENABLE_DEBUG_INFO = NO;
				MTL_FAST_MATH = YES;
				SDKROOT = iphoneos;
				SWIFT_COMPILATION_MODE = wholemodule;
				SWIFT_OPTIMIZATION_LEVEL = "-O";
				VALIDATE_PRODUCT = YES;
			};
			name = Release;
		};
		F130E25E2A059A5200FEA331 /* Debug */ = {
			isa = XCBuildConfiguration;
			baseConfigurationReference = 90BCCC658BFC5975579AC3E3 /* Pods-GHAT2.debug.xcconfig */;
			buildSettings = {
				ASSETCATALOG_COMPILER_APPICON_NAME = AppIcon;
				ASSETCATALOG_COMPILER_GLOBAL_ACCENT_COLOR_NAME = AccentColor;
				"CODE_SIGN_IDENTITY[sdk=iphoneos*]" = "iPhone Distribution";
				CODE_SIGN_STYLE = Manual;
				CURRENT_PROJECT_VERSION = 1;
				DEVELOPMENT_ASSET_PATHS = "\"GHAT2/Preview Content\"";
				DEVELOPMENT_TEAM = "";
				"DEVELOPMENT_TEAM[sdk=iphoneos*]" = 5T2U5H555H;
				ENABLE_PREVIEWS = YES;
				GENERATE_INFOPLIST_FILE = YES;
				INFOPLIST_KEY_UIApplicationSceneManifest_Generation = YES;
				INFOPLIST_KEY_UIApplicationSupportsIndirectInputEvents = YES;
				INFOPLIST_KEY_UILaunchScreen_Generation = YES;
				INFOPLIST_KEY_UISupportedInterfaceOrientations_iPad = "UIInterfaceOrientationPortrait UIInterfaceOrientationPortraitUpsideDown UIInterfaceOrientationLandscapeLeft UIInterfaceOrientationLandscapeRight";
				INFOPLIST_KEY_UISupportedInterfaceOrientations_iPhone = "UIInterfaceOrientationPortrait UIInterfaceOrientationLandscapeLeft UIInterfaceOrientationLandscapeRight";
				IPHONEOS_DEPLOYMENT_TARGET = 16.0;
				LD_RUNPATH_SEARCH_PATHS = (
					"$(inherited)",
					"@executable_path/Frameworks",
				);
				MARKETING_VERSION = 1.0;
				PRODUCT_BUNDLE_IDENTIFIER = dev.scottbennett.GHAT2;
				PRODUCT_NAME = "$(TARGET_NAME)";
				PROVISIONING_PROFILE_SPECIFIER = "";
				"PROVISIONING_PROFILE_SPECIFIER[sdk=iphoneos*]" = "AppStore dev.scottbennett.GHAT2";
				SUPPORTED_PLATFORMS = "iphoneos iphonesimulator";
				SUPPORTS_MACCATALYST = NO;
				SUPPORTS_MAC_DESIGNED_FOR_IPHONE_IPAD = NO;
				SWIFT_EMIT_LOC_STRINGS = YES;
				SWIFT_VERSION = 5.0;
				TARGETED_DEVICE_FAMILY = 1;
			};
			name = Debug;
		};
		F130E25F2A059A5200FEA331 /* Release */ = {
			isa = XCBuildConfiguration;
			baseConfigurationReference = D53AE6F0F1EDB7525AD2AC49 /* Pods-GHAT2.release.xcconfig */;
			buildSettings = {
				ASSETCATALOG_COMPILER_APPICON_NAME = AppIcon;
				ASSETCATALOG_COMPILER_GLOBAL_ACCENT_COLOR_NAME = AccentColor;
				"CODE_SIGN_IDENTITY[sdk=iphoneos*]" = "iPhone Distribution";
				CODE_SIGN_STYLE = Manual;
				CURRENT_PROJECT_VERSION = 1;
				DEVELOPMENT_ASSET_PATHS = "\"GHAT2/Preview Content\"";
				DEVELOPMENT_TEAM = "";
				"DEVELOPMENT_TEAM[sdk=iphoneos*]" = 5T2U5H555H;
				ENABLE_PREVIEWS = YES;
				GENERATE_INFOPLIST_FILE = YES;
				INFOPLIST_KEY_UIApplicationSceneManifest_Generation = YES;
				INFOPLIST_KEY_UIApplicationSupportsIndirectInputEvents = YES;
				INFOPLIST_KEY_UILaunchScreen_Generation = YES;
				INFOPLIST_KEY_UISupportedInterfaceOrientations_iPad = "UIInterfaceOrientationPortrait UIInterfaceOrientationPortraitUpsideDown UIInterfaceOrientationLandscapeLeft UIInterfaceOrientationLandscapeRight";
				INFOPLIST_KEY_UISupportedInterfaceOrientations_iPhone = "UIInterfaceOrientationPortrait UIInterfaceOrientationLandscapeLeft UIInterfaceOrientationLandscapeRight";
				IPHONEOS_DEPLOYMENT_TARGET = 16.0;
				LD_RUNPATH_SEARCH_PATHS = (
					"$(inherited)",
					"@executable_path/Frameworks",
				);
				MARKETING_VERSION = 1.0;
				PRODUCT_BUNDLE_IDENTIFIER = dev.scottbennett.GHAT2;
				PRODUCT_NAME = "$(TARGET_NAME)";
				PROVISIONING_PROFILE_SPECIFIER = "";
				"PROVISIONING_PROFILE_SPECIFIER[sdk=iphoneos*]" = "AppStore dev.scottbennett.GHAT2";
				SUPPORTED_PLATFORMS = "iphoneos iphonesimulator";
				SUPPORTS_MACCATALYST = NO;
				SUPPORTS_MAC_DESIGNED_FOR_IPHONE_IPAD = NO;
				SWIFT_EMIT_LOC_STRINGS = YES;
				SWIFT_VERSION = 5.0;
				TARGETED_DEVICE_FAMILY = 1;
			};
			name = Release;
		};
		F16549F72A09EA4500CCA98B /* Debug */ = {
			isa = XCBuildConfiguration;
			buildSettings = {
				BUNDLE_LOADER = "$(TEST_HOST)";
				CODE_SIGN_IDENTITY = "Apple Development";
				"CODE_SIGN_IDENTITY[sdk=iphoneos*]" = "iPhone Distribution";
				CODE_SIGN_STYLE = Manual;
				CURRENT_PROJECT_VERSION = 1;
				DEVELOPMENT_TEAM = "";
				"DEVELOPMENT_TEAM[sdk=iphoneos*]" = 5T2U5H555H;
				GENERATE_INFOPLIST_FILE = YES;
				IPHONEOS_DEPLOYMENT_TARGET = 16.0;
				MARKETING_VERSION = 1.0;
				PRODUCT_BUNDLE_IDENTIFIER = "dev.scottbennett.GHAT2-Tests";
				PRODUCT_NAME = "$(TARGET_NAME)";
				PROVISIONING_PROFILE_SPECIFIER = "";
				"PROVISIONING_PROFILE_SPECIFIER[sdk=iphoneos*]" = "AppStore dev.scottbennett.GHAT2";
				SUPPORTED_PLATFORMS = "iphoneos iphonesimulator";
				SUPPORTS_MACCATALYST = NO;
				SUPPORTS_MAC_DESIGNED_FOR_IPHONE_IPAD = NO;
				SWIFT_EMIT_LOC_STRINGS = NO;
				SWIFT_VERSION = 5.0;
				TARGETED_DEVICE_FAMILY = 1;
				TEST_HOST = "$(BUILT_PRODUCTS_DIR)/GHAT2.app/$(BUNDLE_EXECUTABLE_FOLDER_PATH)/GHAT2";
			};
			name = Debug;
		};
		F16549F82A09EA4500CCA98B /* Release */ = {
			isa = XCBuildConfiguration;
			buildSettings = {
				BUNDLE_LOADER = "$(TEST_HOST)";
				CODE_SIGN_IDENTITY = "Apple Development";
				"CODE_SIGN_IDENTITY[sdk=iphoneos*]" = "iPhone Distribution";
				CODE_SIGN_STYLE = Manual;
				CURRENT_PROJECT_VERSION = 1;
				DEVELOPMENT_TEAM = "";
				"DEVELOPMENT_TEAM[sdk=iphoneos*]" = 5T2U5H555H;
				GENERATE_INFOPLIST_FILE = YES;
				IPHONEOS_DEPLOYMENT_TARGET = 16.0;
				MARKETING_VERSION = 1.0;
				PRODUCT_BUNDLE_IDENTIFIER = "dev.scottbennett.GHAT2-Tests";
				PRODUCT_NAME = "$(TARGET_NAME)";
				PROVISIONING_PROFILE_SPECIFIER = "";
				"PROVISIONING_PROFILE_SPECIFIER[sdk=iphoneos*]" = "AppStore dev.scottbennett.GHAT2";
				SUPPORTED_PLATFORMS = "iphoneos iphonesimulator";
				SUPPORTS_MACCATALYST = NO;
				SUPPORTS_MAC_DESIGNED_FOR_IPHONE_IPAD = NO;
				SWIFT_EMIT_LOC_STRINGS = NO;
				SWIFT_VERSION = 5.0;
				TARGETED_DEVICE_FAMILY = 1;
				TEST_HOST = "$(BUILT_PRODUCTS_DIR)/GHAT2.app/$(BUNDLE_EXECUTABLE_FOLDER_PATH)/GHAT2";
			};
			name = Release;
		};
/* End XCBuildConfiguration section */

/* Begin XCConfigurationList section */
		F130E24A2A059A5100FEA331 /* Build configuration list for PBXProject "GHAT2" */ = {
			isa = XCConfigurationList;
			buildConfigurations = (
				F130E25B2A059A5200FEA331 /* Debug */,
				F130E25C2A059A5200FEA331 /* Release */,
			);
			defaultConfigurationIsVisible = 0;
			defaultConfigurationName = Release;
		};
		F130E25D2A059A5200FEA331 /* Build configuration list for PBXNativeTarget "GHAT2" */ = {
			isa = XCConfigurationList;
			buildConfigurations = (
				F130E25E2A059A5200FEA331 /* Debug */,
				F130E25F2A059A5200FEA331 /* Release */,
			);
			defaultConfigurationIsVisible = 0;
			defaultConfigurationName = Release;
		};
		F16549F62A09EA4500CCA98B /* Build configuration list for PBXNativeTarget "GHAT2_Tests" */ = {
			isa = XCConfigurationList;
			buildConfigurations = (
				F16549F72A09EA4500CCA98B /* Debug */,
				F16549F82A09EA4500CCA98B /* Release */,
			);
			defaultConfigurationIsVisible = 0;
			defaultConfigurationName = Release;
		};
/* End XCConfigurationList section */

/* Begin XCRemoteSwiftPackageReference section */
		F17E38D62A0C1D0600F0C33B /* XCRemoteSwiftPackageReference "LoremSwiftum.git" */ = {
			isa = XCRemoteSwiftPackageReference;
			repositoryURL = "https://github.com/lukaskubanek/LoremSwiftum.git";
			requirement = {
				branch = master;
				kind = branch;
			};
		};
/* End XCRemoteSwiftPackageReference section */

/* Begin XCSwiftPackageProductDependency section */
		F17E38D72A0C1D0600F0C33B /* LoremSwiftum */ = {
			isa = XCSwiftPackageProductDependency;
			package = F17E38D62A0C1D0600F0C33B /* XCRemoteSwiftPackageReference "LoremSwiftum.git" */;
			productName = LoremSwiftum;
		};
/* End XCSwiftPackageProductDependency section */
	};
	rootObject = F130E2472A059A5100FEA331 /* Project object */;
}
